
Microsoft Visual Studio Solution File, Format Version 11.00
# Visual Studio 2010
Project("{FAE04EC0-301F-11D3-BF4B-00C04F79EFBC}") = "GUITest", "GUITest\GUITest.csproj", "{CD8D7559-9E03-410B-92F6-235E32B2F571}"
EndProject
Global
	GlobalSection(SolutionConfigurationPlatforms) = preSolution
		Debug|x86 = Debug|x86
		Release|x86 = Release|x86
	EndGlobalSection
	GlobalSection(ProjectConfigurationPlatforms) = postSolution
		{CD8D7559-9E03-410B-92F6-235E32B2F571}.Debug|x86.ActiveCfg = Debug|x86
		{CD8D7559-9E03-410B-92F6-235E32B2F571}.Debug|x86.Build.0 = Debug|x86
		{CD8D7559-9E03-410B-92F6-235E32B2F571}.Release|x86.ActiveCfg = Release|x86
		{CD8D7559-9E03-410B-92F6-235E32B2F571}.Release|x86.Build.0 = Release|x86
	EndGlobalSection
	GlobalSection(SolutionProperties) = preSolution
		HideSolutionNode = FALSE
	EndGlobalSection
EndGlobal
